{
  "name": "ultrawork-sanguo",
  "version": "2.0.0",
  "lockfileVersion": 3,
  "requires": true,
  "packages": {
    "": {
      "name": "ultrawork-sanguo",
      "version": "2.0.0",
      "hasInstallScript": true,
      "license": "MIT",
      "dependencies": {
        "@opencode-ai/plugin": "^1.2.24",
        "ultrawork-sanguo": "^1.8.2"
      },
      "bin": {
        "ultrawork": "bin/ultrawork.js",
        "ultrawork-init": "bin/ultrawork-init.js",
        "ulw": "bin/ultrawork.js"
      },
      "devDependencies": {
        "@types/node": "^25.4.0",
        "typescript": "^5.9.3"
      },
      "engines": {
        "node": ">=14.0.0"
      }
    },
    "node_modules/@clack/core": {
      "version": "0.4.2",
      "resolved": "https://registry.npmjs.org/@clack/core/-/core-0.4.2.tgz",
      "integrity": "sha512-NYQfcEy8MWIxrT5Fj8nIVchfRFA26yYKJcvBS7WlUIlw2OmQOY9DhGGXMovyI5J5PpxrCPGkgUi207EBrjpBvg==",
      "license": "MIT",
      "dependencies": {
        "picocolors": "^1.0.0",
        "sisteransi": "^1.0.5"
      }
    },
    "node_modules/@clack/prompts": {
      "version": "0.10.1",
      "resolved": "https://registry.npmjs.org/@clack/prompts/-/prompts-0.10.1.tgz",
      "integrity": "sha512-Q0T02vx8ZM9XSv9/Yde0jTmmBQufZhPJfYAg2XrrrxWWaZgq1rr8nU8Hv710BQ1dhoP8rtY7YUdpGej2Qza/cw==",
      "license": "MIT",
      "dependencies": {
        "@clack/core": "0.4.2",
        "picocolors": "^1.0.0",
        "sisteransi": "^1.0.5"
      }
    },
    "node_modules/@opencode-ai/plugin": {
      "version": "1.2.24",
      "resolved": "https://registry.npmjs.org/@opencode-ai/plugin/-/plugin-1.2.24.tgz",
      "integrity": "sha512-B3hw415D+2w6AtdRdvKWkuQVT0LXDWTdnAZhZC6gbd+UHh5O5DMmnZTe/YM8yK8ZZO9Dvo5rnV78TdDDYunJiw==",
      "license": "MIT",
      "dependencies": {
        "@opencode-ai/sdk": "1.2.24",
        "zod": "4.1.8"
      }
    },
    "node_modules/@opencode-ai/sdk": {
      "version": "1.2.24",
      "resolved": "https://registry.npmjs.org/@opencode-ai/sdk/-/sdk-1.2.24.tgz",
      "integrity": "sha512-MQamFkRl4B/3d6oIRLNpkYR2fcwet1V/ffKyOKJXWjtP/CT9PDJMtLpu6olVHjXKQi8zMNltwuMhv1QsNtRlZg==",
      "license": "MIT"
    },
    "node_modules/@types/node": {
      "version": "25.4.0",
      "resolved": "https://registry.npmjs.org/@types/node/-/node-25.4.0.tgz",
      "integrity": "sha512-9wLpoeWuBlcbBpOY3XmzSTG3oscB6xjBEEtn+pYXTfhyXhIxC5FsBer2KTopBlvKEiW9l13po9fq+SJY/5lkhw==",
      "dev": true,
      "license": "MIT",
      "dependencies": {
        "undici-types": "~7.18.0"
      }
    },
    "node_modules/picocolors": {
      "version": "1.1.1",
      "resolved": "https://registry.npmjs.org/picocolors/-/picocolors-1.1.1.tgz",
      "integrity": "sha512-xceH2snhtb5M9liqDsmEw56le376mTZkEX/jEb/RxNFyegNul7eNslCXP9FDj/Lcu0X8KEyMceP2ntpaHrDEVA==",
      "license": "ISC"
    },
    "node_modules/sisteransi": {
      "version": "1.0.5",
      "resolved": "https://registry.npmjs.org/sisteransi/-/sisteransi-1.0.5.tgz",
      "integrity": "sha512-bLGGlR1QxBcynn2d5YmDX4MGjlZvy2MRBDRNHLJ8VI6l6+9FUiyTFNJ0IveOSP0bcXgVDPRcfGqA0pjaqUpfVg==",
      "license": "MIT"
    },
    "node_modules/typescript": {
      "version": "5.9.3",
      "resolved": "https://registry.npmjs.org/typescript/-/typescript-5.9.3.tgz",
      "integrity": "sha512-jl1vZzPDinLr9eUt3J/t7V6FgNEw9QjvBPdysz9KfQDD41fQrC2Y4vKQdiaUpFT4bXlb1RHhLpp8wtm6M5TgSw==",
      "dev": true,
      "license": "Apache-2.0",
      "bin": {
        "tsc": "bin/tsc",
        "tsserver": "bin/tsserver"
      },
      "engines": {
        "node": ">=14.17"
      }
    },
    "node_modules/ultrawork-sanguo": {
      "version": "1.8.2",
      "resolved": "https://registry.npmjs.org/ultrawork-sanguo/-/ultrawork-sanguo-1.8.2.tgz",
      "integrity": "sha512-jH7pgcrBzqov/bdVb17UA7gmYnRKLFBAWJfdQyx31RykPbJnTVgyxYBSB0kbQSOj1ERceAnNZUh8fmI1z2a+Hw==",
      "license": "MIT",
      "dependencies": {
        "@clack/prompts": "^0.10.0",
        "picocolors": "^1.1.1"
      },
      "bin": {
        "ultrawork": "bin/ultrawork.js",
        "ulw": "bin/ultrawork.js"
      },
      "engines": {
        "node": ">=14.0.0"
      }
    },
    "node_modules/undici-types": {
      "version": "7.18.2",
      "resolved": "https://registry.npmjs.org/undici-types/-/undici-types-7.18.2.tgz",
      "integrity": "sha512-AsuCzffGHJybSaRrmr5eHr81mwJU3kjw6M+uprWvCXiNeN9SOGwQ3Jn8jb8m3Z6izVgknn1R0FTCEAP2QrLY/w==",
      "dev": true,
      "license": "MIT"
    },
    "node_modules/zod": {
      "version": "4.1.8",
      "resolved": "https://registry.npmjs.org/zod/-/zod-4.1.8.tgz",
      "integrity": "sha512-5R1P+WwQqmmMIEACyzSvo4JXHY5WiAFHRMg+zBZKgKS+Q1viRa0C1hmUKtHltoIFKtIdki3pRxkmpP74jnNYHQ==",
      "license": "MIT",
      "funding": {
        "url": "https://github.com/sponsors/colinhacks"
      }
    }
  }
}
